PODS:
  - Flutter (1.0.0)
  - fluttertoast (0.0.2):
    - Flutter
  - FMDB (2.7.5):
    - FMDB/standard (= 2.7.5)
  - FMDB/standard (2.7.5)
  - image_picker (0.0.1):
    - Flutter
  - path_provider (0.0.1):
    - Flutter
  - shared_preferences (0.0.1):
    - Flutter
  - sqflite (0.0.1):
    - Flutter
    - FMDB (~> 2.7.2)

DEPENDENCIES:
  - Flutter (from `.symlinks/flutter/ios`)
  - fluttertoast (from `.symlinks/plugins/fluttertoast/ios`)
  - image_picker (from `.symlinks/plugins/image_picker/ios`)
  - path_provider (from `.symlinks/plugins/path_provider/ios`)
  - shared_preferences (from `.symlinks/plugins/shared_preferences/ios`)
  - sqflite (from `.symlinks/plugins/sqflite/ios`)

SPEC REPOS:
  https://github.com/CocoaPods/Specs.git:
    - FMDB

EXTERNAL SOURCES:
  Flutter:
    :path: ".symlinks/flutter/ios"
  fluttertoast:
    :path: ".symlinks/plugins/fluttertoast/ios"
  image_picker:
    :path: ".symlinks/plugins/image_picker/ios"
  path_provider:
    :path: ".symlinks/plugins/path_provider/ios"
  shared_preferences:
    :path: ".symlinks/plugins/shared_preferences/ios"
  sqflite:
    :path: ".symlinks/plugins/sqflite/ios"

SPEC CHECKSUMS:
  Flutter: 0e3d915762c693b495b44d77113d4970485de6ec
  fluttertoast: b644586ef3b16f67fae9a1f8754cef6b2d6b634b
  FMDB: 2ce00b547f966261cd18927a3ddb07cb6f3db82a
  image_picker: e3eacd46b94694dde7cf2705955cece853aa1a8f
  path_provider: fb74bd0465e96b594bb3b5088ee4a4e7bb1f2a9d
  shared_preferences: 1feebfa37bb57264736e16865e7ffae7fc99b523
  sqflite: ff1d9da63c06588cc8d1faf7256d741f16989d5a

PODFILE CHECKSUM: aff02bfeed411c636180d6812254b2daeea14d09

COCOAPODS: 1.8.1
